
Microsoft Visual Studio Solution File, Format Version 12.00
# Visual Studio Version 16
VisualStudioVersion = 16.0.30804.86
MinimumVisualStudioVersion = 10.0.40219.1
Project("{FAE04EC0-301F-11D3-BF4B-00C04F79EFBC}") = "CodeReader", "CodeReader\CodeReader.csproj", "{4968565D-F81E-458B-86D8-1052F1BBDF9A}"
EndProject
Global
	GlobalSection(SolutionConfigurationPlatforms) = preSolution
		Debug|Any CPU = Debug|Any CPU
		Release|Any CPU = Release|Any CPU
	EndGlobalSection
	GlobalSection(ProjectConfigurationPlatforms) = postSolution
		{4968565D-F81E-458B-86D8-1052F1BBDF9A}.Debug|Any CPU.ActiveCfg = Debug|Any CPU
		{4968565D-F81E-458B-86D8-1052F1BBDF9A}.Debug|Any CPU.Build.0 = Debug|Any CPU
		{4968565D-F81E-458B-86D8-1052F1BBDF9A}.Release|Any CPU.ActiveCfg = Release|Any CPU
		{4968565D-F81E-458B-86D8-1052F1BBDF9A}.Release|Any CPU.Build.0 = Release|Any CPU
	EndGlobalSection
	GlobalSection(SolutionProperties) = preSolution
		HideSolutionNode = FALSE
	EndGlobalSection
	GlobalSection(ExtensibilityGlobals) = postSolution
		SolutionGuid = {81647151-381A-4D85-A5B1-628C56B25BDB}
	EndGlobalSection
EndGlobal
